hash: fb30096547957cb4325af688270200aaebf49f5f7311a4357a8ae263a5cf95ef
updated: 2016-11-25T17:18:09.680464793+09:00
imports:
- name: github.com/alecthomas/kingpin
  version: e64c31bcea9c96687d383aff82c3b844264f84ee
- name: github.com/alecthomas/template
  version: a0175ee3bccc567396460bf5acd36800cb10c49c
  subpackages:
  - parse
- name: github.com/alecthomas/units
  version: 2efee857e7cfd4f3d0138cc3cbb1b4966962b93a
- name: github.com/andybalholm/cascadia
  version: 65919c611220063037b1db8eb334acaf17a6d8ea
- name: github.com/PuerkitoBio/goquery
  version: 56a198aba89cdf7a612e6c762eff9d788b9f2dae
- name: golang.org/x/net
  version: 4971afdc2f162e82d185353533d3cf16188a9f4e
  subpackages:
  - html
  - html/atom
testImports: []
